
Microsoft Visual Studio Solution File, Format Version 12.00
# Visual Studio Version 16
VisualStudioVersion = 16.0.31402.337
MinimumVisualStudioVersion = 10.0.40219.1
Project("{FAE04EC0-301F-11D3-BF4B-00C04F79EFBC}") = "Vidly", "Vidly.csproj", "{D3AAC1EE-3B69-45DD-B2AB-D300590DAD15}"
EndProject
Global
	GlobalSection(SolutionConfigurationPlatforms) = preSolution
		Debug|Any CPU = Debug|Any CPU
		Release|Any CPU = Release|Any CPU
	EndGlobalSection
	GlobalSection(ProjectConfigurationPlatforms) = postSolution
		{D3AAC1EE-3B69-45DD-B2AB-D300590DAD15}.Debug|Any CPU.ActiveCfg = Debug|Any CPU
		{D3AAC1EE-3B69-45DD-B2AB-D300590DAD15}.Debug|Any CPU.Build.0 = Debug|Any CPU
		{D3AAC1EE-3B69-45DD-B2AB-D300590DAD15}.Release|Any CPU.ActiveCfg = Release|Any CPU
		{D3AAC1EE-3B69-45DD-B2AB-D300590DAD15}.Release|Any CPU.Build.0 = Release|Any CPU
	EndGlobalSection
	GlobalSection(SolutionProperties) = preSolution
		HideSolutionNode = FALSE
	EndGlobalSection
	GlobalSection(ExtensibilityGlobals) = postSolution
		SolutionGuid = {88C61AE3-199D-4562-87F6-12B5E567DEF8}
	EndGlobalSection
EndGlobal
